{
  "object": {
    "pins": [
      {
        "package": "JavaScriptKit",
        "repositoryURL": "https://github.com/swiftwasm/JavaScriptKit",
        "state": {
          "branch": null,
          "revision": "ebd9ca04215397f0e3cb72d6e96406a980a424e5",
          "version": "0.10.0"
        }
      },
      {
        "package": "web",
        "repositoryURL": "https://github.com/swifweb/web",
        "state": {
          "branch": null,
          "revision": "c5d260cc9681b95445001918557648c330992aed",
          "version": "1.0.0-beta.1.3.0"
        }
      }
    ]
  },
  "version": 1
}
